
Microsoft Visual Studio Solution File, Format Version 12.00
# Visual Studio Version 16
VisualStudioVersion = 16.0.30413.136
MinimumVisualStudioVersion = 10.0.40219.1
Project("{FAE04EC0-301F-11D3-BF4B-00C04F79EFBC}") = "Strings", "Strings\Strings.csproj", "{CC141B20-1B48-4049-85F7-45FA36D717C1}"
EndProject
Global
	GlobalSection(SolutionConfigurationPlatforms) = preSolution
		Debug|Any CPU = Debug|Any CPU
		Release|Any CPU = Release|Any CPU
	EndGlobalSection
	GlobalSection(ProjectConfigurationPlatforms) = postSolution
		{CC141B20-1B48-4049-85F7-45FA36D717C1}.Debug|Any CPU.ActiveCfg = Debug|Any CPU
		{CC141B20-1B48-4049-85F7-45FA36D717C1}.Debug|Any CPU.Build.0 = Debug|Any CPU
		{CC141B20-1B48-4049-85F7-45FA36D717C1}.Release|Any CPU.ActiveCfg = Release|Any CPU
		{CC141B20-1B48-4049-85F7-45FA36D717C1}.Release|Any CPU.Build.0 = Release|Any CPU
	EndGlobalSection
	GlobalSection(SolutionProperties) = preSolution
		HideSolutionNode = FALSE
	EndGlobalSection
	GlobalSection(ExtensibilityGlobals) = postSolution
		SolutionGuid = {E7453894-2549-48B9-B4A7-0A5F52987A8B}
	EndGlobalSection
EndGlobal
